// !$*UTF8*$!
{
	archiveVersion = 1;
	classes = {
	};
	objectVersion = 48;
	objects = {

/* Begin PBXBuildFile section */
		BA5976C31FE376E300AD9E47 /* strokes.db in Resources */ = {isa = PBXBuildFile; fileRef = BA5976C21FE376E300AD9E47 /* strokes.db */; };
		BA6781881FD67A2300193EFD /* AppDelegate.swift in Sources */ = {isa = PBXBuildFile; fileRef = BA6781871FD67A2300193EFD /* AppDelegate.swift */; };
		BA67818A1FD67A2300193EFD /* ViewController.swift in Sources */ = {isa = PBXBuildFile; fileRef = BA6781891FD67A2300193EFD /* ViewController.swift */; };
		BA67818D1FD67A2300193EFD /* Main.storyboard in Resources */ = {isa = PBXBuildFile; fileRef = BA67818B1FD67A2300193EFD /* Main.storyboard */; };
		BA67818F1FD67A2300193EFD /* Assets.xcassets in Resources */ = {isa = PBXBuildFile; fileRef = BA67818E1FD67A2300193EFD /* Assets.xcassets */; };
		BA6781921FD67A2300193EFD /* LaunchScreen.storyboard in Resources */ = {isa = PBXBuildFile; fileRef = BA6781901FD67A2300193EFD /* LaunchScreen.storyboard */; };
		BA67819A1FD6999A00193EFD /* WordView.swift in Sources */ = {isa = PBXBuildFile; fileRef = BA6781991FD6999A00193EFD /* WordView.swift */; };
		BAF72EA51FD6B0A5007A1233 /* SVGTool.swift in Sources */ = {isa = PBXBuildFile; fileRef = BAF72EA41FD6B0A5007A1233 /* SVGTool.swift */; };
		BAFC78DE1FDA1B9A0028C65F /* Word.swift in Sources */ = {isa = PBXBuildFile; fileRef = BAFC78DD1FDA1B9A0028C65F /* Word.swift */; };
/* End PBXBuildFile section */

/* Begin PBXFileReference section */
		BA5976C21FE376E300AD9E47 /* strokes.db */ = {isa = PBXFileReference; lastKnownFileType = file; path = strokes.db; sourceTree = "<group>"; };
		BA6781841FD67A2300193EFD /* StrokeOrder.app */ = {isa = PBXFileReference; explicitFileType = wrapper.application; includeInIndex = 0; path = StrokeOrder.app; sourceTree = BUILT_PRODUCTS_DIR; };
		BA6781871FD67A2300193EFD /* AppDelegate.swift */ = {isa = PBXFileReference; lastKnownFileType = sourcecode.swift; path = AppDelegate.swift; sourceTree = "<group>"; };
		BA6781891FD67A2300193EFD /* ViewController.swift */ = {isa = PBXFileReference; lastKnownFileType = sourcecode.swift; path = ViewController.swift; sourceTree = "<group>"; };
		BA67818C1FD67A2300193EFD /* Base */ = {isa = PBXFileReference; lastKnownFileType = file.storyboard; name = Base; path = Base.lproj/Main.storyboard; sourceTree = "<group>"; };
		BA67818E1FD67A2300193EFD /* Assets.xcassets */ = {isa = PBXFileReference; lastKnownFileType = folder.assetcatalog; path = Assets.xcassets; sourceTree = "<group>"; };
		BA6781911FD67A2300193EFD /* Base */ = {isa = PBXFileReference; lastKnownFileType = file.storyboard; name = Base; path = Base.lproj/LaunchScreen.storyboard; sourceTree = "<group>"; };
		BA6781931FD67A2300193EFD /* Info.plist */ = {isa = PBXFileReference; lastKnownFileType = text.plist.xml; path = Info.plist; sourceTree = "<group>"; };
		BA6781991FD6999A00193EFD /* WordView.swift */ = {isa = PBXFileReference; lastKnownFileType = sourcecode.swift; path = WordView.swift; sourceTree = "<group>"; };
		BAF72EA41FD6B0A5007A1233 /* SVGTool.swift */ = {isa = PBXFileReference; lastKnownFileType = sourcecode.swift; path = SVGTool.swift; sourceTree = "<group>"; };
		BAFC78DD1FDA1B9A0028C65F /* Word.swift */ = {isa = PBXFileReference; lastKnownFileType = sourcecode.swift; path = Word.swift; sourceTree = "<group>"; };
/* End PBXFileReference section */

/* Begin PBXFrameworksBuildPhase section */
		BA6781811FD67A2300193EFD /* Frameworks */ = {
			isa = PBXFrameworksBuildPhase;
			buildActionMask = 2147483647;
			files = (
			);
			runOnlyForDeploymentPostprocessing = 0;
		};
/* End PBXFrameworksBuildPhase section */

/* Begin PBXGroup section */
		BA67817B1FD67A2300193EFD = {
			isa = PBXGroup;
			children = (
				BA6781861FD67A2300193EFD /* StrokeOrder */,
				BA6781851FD67A2300193EFD /* Products */,
			);
			sourceTree = "<group>";
		};
		BA6781851FD67A2300193EFD /* Products */ = {
			isa = PBXGroup;
			children = (
				BA6781841FD67A2300193EFD /* StrokeOrder.app */,
			);
			name = Products;
			sourceTree = "<group>";
		};
		BA6781861FD67A2300193EFD /* StrokeOrder */ = {
			isa = PBXGroup;
			children = (
				BA5976C21FE376E300AD9E47 /* strokes.db */,
				BA6781871FD67A2300193EFD /* AppDelegate.swift */,
				BA6781891FD67A2300193EFD /* ViewController.swift */,
				BA6781991FD6999A00193EFD /* WordView.swift */,
				BAF72EA41FD6B0A5007A1233 /* SVGTool.swift */,
				BAFC78DD1FDA1B9A0028C65F /* Word.swift */,
				BA67818B1FD67A2300193EFD /* Main.storyboard */,
				BA67818E1FD67A2300193EFD /* Assets.xcassets */,
				BA6781901FD67A2300193EFD /* LaunchScreen.storyboard */,
				BA6781931FD67A2300193EFD /* Info.plist */,
			);
			path = StrokeOrder;
			sourceTree = "<group>";
		};
/* End PBXGroup section */

/* Begin PBXNativeTarget section */
		BA6781831FD67A2300193EFD /* StrokeOrder */ = {
			isa = PBXNativeTarget;
			buildConfigurationList = BA6781961FD67A2300193EFD /* Build configuration list for PBXNativeTarget "StrokeOrder" */;
			buildPhases = (
				BA6781801FD67A2300193EFD /* Sources */,
				BA6781811FD67A2300193EFD /* Frameworks */,
				BA6781821FD67A2300193EFD /* Resources */,
			);
			buildRules = (
			);
			dependencies = (
			);
			name = StrokeOrder;
			productName = StrokeOrder;
			productReference = BA6781841FD67A2300193EFD /* StrokeOrder.app */;
			productType = "com.apple.product-type.application";
		};
/* End PBXNativeTarget section */

/* Begin PBXProject section */
		BA67817C1FD67A2300193EFD /* Project object */ = {
			isa = PBXProject;
			attributes = {
				LastSwiftUpdateCheck = 0900;
				LastUpgradeCheck = 0900;
				ORGANIZATIONNAME = Henry;
				TargetAttributes = {
					BA6781831FD67A2300193EFD = {
						CreatedOnToolsVersion = 9.0.1;
						ProvisioningStyle = Automatic;
					};
				};
			};
			buildConfigurationList = BA67817F1FD67A2300193EFD /* Build configuration list for PBXProject "StrokeOrder" */;
			compatibilityVersion = "Xcode 8.0";
			developmentRegion = en;
			hasScannedForEncodings = 0;
			knownRegions = (
				en,
				Base,
			);
			mainGroup = BA67817B1FD67A2300193EFD;
			productRefGroup = BA6781851FD67A2300193EFD /* Products */;
			projectDirPath = "";
			projectRoot = "";
			targets = (
				BA6781831FD67A2300193EFD /* StrokeOrder */,
			);
		};
/* End PBXProject section */

/* Begin PBXResourcesBuildPhase section */
		BA6781821FD67A2300193EFD /* Resources */ = {
			isa = PBXResourcesBuildPhase;
			buildActionMask = 2147483647;
			files = (
				BA6781921FD67A2300193EFD /* LaunchScreen.storyboard in Resources */,
				BA5976C31FE376E300AD9E47 /* strokes.db in Resources */,
				BA67818F1FD67A2300193EFD /* Assets.xcassets in Resources */,
				BA67818D1FD67A2300193EFD /* Main.storyboard in Resources */,
			);
			runOnlyForDeploymentPostprocessing = 0;
		};
/* End PBXResourcesBuildPhase section */

/* Begin PBXSourcesBuildPhase section */
		BA6781801FD67A2300193EFD /* Sources */ = {
			isa = PBXSourcesBuildPhase;
			buildActionMask = 2147483647;
			files = (
				BA67818A1FD67A2300193EFD /* ViewController.swift in Sources */,
				BA6781881FD67A2300193EFD /* AppDelegate.swift in Sources */,
				BAFC78DE1FDA1B9A0028C65F /* Word.swift in Sources */,
				BAF72EA51FD6B0A5007A1233 /* SVGTool.swift in Sources */,
				BA67819A1FD6999A00193EFD /* WordView.swift in Sources */,
			);
			runOnlyForDeploymentPostprocessing = 0;
		};
/* End PBXSourcesBuildPhase section */

/* Begin PBXVariantGroup section */
		BA67818B1FD67A2300193EFD /* Main.storyboard */ = {
			isa = PBXVariantGroup;
			children = (
				BA67818C1FD67A2300193EFD /* Base */,
			);
			name = Main.storyboard;
			sourceTree = "<group>";
		};
		BA6781901FD67A2300193EFD /* LaunchScreen.storyboard */ = {
			isa = PBXVariantGroup;
			children = (
				BA6781911FD67A2300193EFD /* Base */,
			);
			name = LaunchScreen.storyboard;
			sourceTree = "<group>";
		};
/* End PBXVariantGroup section */

/* Begin XCBuildConfiguration section */
		BA6781941FD67A2300193EFD /* Debug */ = {
			isa = XCBuildConfiguration;
			buildSettings = {
				ALWAYS_SEARCH_USER_PATHS = NO;
				CLANG_ANALYZER_NONNULL = YES;
				CLANG_ANALYZER_NUMBER_OBJECT_CONVERSION = YES_AGGRESSIVE;
				CLANG_CXX_LANGUAGE_STANDARD = "gnu++14";
				CLANG_CXX_LIBRARY = "libc++";
				CLANG_ENABLE_MODULES = YES;
				CLANG_ENABLE_OBJC_ARC = YES;
				CLANG_WARN_BLOCK_CAPTURE_AUTORELEASING = YES;
				CLANG_WARN_BOOL_CONVERSION = YES;
				CLANG_WARN_COMMA = YES;
				CLANG_WARN_CONSTANT_CONVERSION = YES;
				CLANG_WARN_DIRECT_OBJC_ISA_USAGE = YES_ERROR;
				CLANG_WARN_DOCUMENTATION_COMMENTS = YES;
				CLANG_WARN_EMPTY_BODY = YES;
				CLANG_WARN_ENUM_CONVERSION = YES;
				CLANG_WARN_INFINITE_RECURSION = YES;
				CLANG_WARN_INT_CONVERSION = YES;
				CLANG_WARN_NON_LITERAL_NULL_CONVERSION = YES;
				CLANG_WARN_OBJC_LITERAL_CONVERSION = YES;
				CLANG_WARN_OBJC_ROOT_CLASS = YES_ERROR;
				CLANG_WARN_RANGE_LOOP_ANALYSIS = YES;
				CLANG_WARN_STRICT_PROTOTYPES = YES;
				CLANG_WARN_SUSPICIOUS_MOVE = YES;
				CLANG_WARN_UNGUARDED_AVAILABILITY = YES_AGGRESSIVE;
				CLANG_WARN_UNREACHABLE_CODE = YES;
				CLANG_WARN__DUPLICATE_METHOD_MATCH = YES;
				CODE_SIGN_IDENTITY = "iPhone Developer";
				COPY_PHASE_STRIP = NO;
				DEBUG_INFORMATION_FORMAT = dwarf;
				ENABLE_STRICT_OBJC_MSGSEND = YES;
				ENABLE_TESTABILITY = YES;
				GCC_C_LANGUAGE_STANDARD = gnu11;
				GCC_DYNAMIC_NO_PIC = NO;
				GCC_NO_COMMON_BLOCKS = YES;
				GCC_OPTIMIZATION_LEVEL = 0;
				GCC_PREPROCESSOR_DEFINITIONS = (
					"DEBUG=1",
					"$(inherited)",
				);
				GCC_WARN_64_TO_32_BIT_CONVERSION = YES;
				GCC_WARN_ABOUT_RETURN_TYPE = YES_ERROR;
				GCC_WARN_UNDECLARED_SELECTOR = YES;
				GCC_WARN_UNINITIALIZED_AUTOS = YES_AGGRESSIVE;
				GCC_WARN_UNUSED_FUNCTION = YES;
				GCC_WARN_UNUSED_VARIABLE = YES;
				IPHONEOS_DEPLOYMENT_TARGET = 11.0;
				MTL_ENABLE_DEBUG_INFO = YES;
				ONLY_ACTIVE_ARCH = YES;
				SDKROOT = iphoneos;
				SWIFT_ACTIVE_COMPILATION_CONDITIONS = DEBUG;
				SWIFT_OPTIMIZATION_LEVEL = "-Onone";
			};
			name = Debug;
		};
		BA6781951FD67A2300193EFD /* Release */ = {
			isa = XCBuildConfiguration;
			buildSettings = {
				ALWAYS_SEARCH_USER_PATHS = NO;
				CLANG_ANALYZER_NONNULL = YES;
				CLANG_ANALYZER_NUMBER_OBJECT_CONVERSION = YES_AGGRESSIVE;
				CLANG_CXX_LANGUAGE_STANDARD = "gnu++14";
				CLANG_CXX_LIBRARY = "libc++";
				CLANG_ENABLE_MODULES = YES;
				CLANG_ENABLE_OBJC_ARC = YES;
				CLANG_WARN_BLOCK_CAPTURE_AUTORELEASING = YES;
				CLANG_WARN_BOOL_CONVERSION = YES;
				CLANG_WARN_COMMA = YES;
				CLANG_WARN_CONSTANT_CONVERSION = YES;
				CLANG_WARN_DIRECT_OBJC_ISA_USAGE = YES_ERROR;
				CLANG_WARN_DOCUMENTATION_COMMENTS = YES;
				CLANG_WARN_EMPTY_BODY = YES;
				CLANG_WARN_ENUM_CONVERSION = YES;
				CLANG_WARN_INFINITE_RECURSION = YES;
				CLANG_WARN_INT_CONVERSION = YES;
				CLANG_WARN_NON_LITERAL_NULL_CONVERSION = YES;
				CLANG_WARN_OBJC_LITERAL_CONVERSION = YES;
				CLANG_WARN_OBJC_ROOT_CLASS = YES_ERROR;
				CLANG_WARN_RANGE_LOOP_ANALYSIS = YES;
				CLANG_WARN_STRICT_PROTOTYPES = YES;
				CLANG_WARN_SUSPICIOUS_MOVE = YES;
				CLANG_WARN_UNGUARDED_AVAILABILITY = YES_AGGRESSIVE;
				CLANG_WARN_UNREACHABLE_CODE = YES;
				CLANG_WARN__DUPLICATE_METHOD_MATCH = YES;
				CODE_SIGN_IDENTITY = "iPhone Developer";
				COPY_PHASE_STRIP = NO;
				DEBUG_INFORMATION_FORMAT = "dwarf-with-dsym";
				ENABLE_NS_ASSERTIONS = NO;
				ENABLE_STRICT_OBJC_MSGSEND = YES;
				GCC_C_LANGUAGE_STANDARD = gnu11;
				GCC_NO_COMMON_BLOCKS = YES;
				GCC_WARN_64_TO_32_BIT_CONVERSION = YES;
				GCC_WARN_ABOUT_RETURN_TYPE = YES_ERROR;
				GCC_WARN_UNDECLARED_SELECTOR = YES;
				GCC_WARN_UNINITIALIZED_AUTOS = YES_AGGRESSIVE;
				GCC_WARN_UNUSED_FUNCTION = YES;
				GCC_WARN_UNUSED_VARIABLE = YES;
				IPHONEOS_DEPLOYMENT_TARGET = 11.0;
				MTL_ENABLE_DEBUG_INFO = NO;
				SDKROOT = iphoneos;
				SWIFT_OPTIMIZATION_LEVEL = "-Owholemodule";
				VALIDATE_PRODUCT = YES;
			};
			name = Release;
		};
		BA6781971FD67A2300193EFD /* Debug */ = {
			isa = XCBuildConfiguration;
			buildSettings = {
				ASSETCATALOG_COMPILER_APPICON_NAME = AppIcon;
				CODE_SIGN_STYLE = Automatic;
				DEVELOPMENT_TEAM = 9FS8JZB4X6;
				INFOPLIST_FILE = StrokeOrder/Info.plist;
				LD_RUNPATH_SEARCH_PATHS = "$(inherited) @executable_path/Frameworks";
				PRODUCT_BUNDLE_IDENTIFIER = com.ahtelit.StrokeOrder;
				PRODUCT_NAME = "$(TARGET_NAME)";
				SWIFT_VERSION = 4.0;
				TARGETED_DEVICE_FAMILY = "1,2";
			};
			name = Debug;
		};
		BA6781981FD67A2300193EFD /* Release */ = {
			isa = XCBuildConfiguration;
			buildSettings = {
				ASSETCATALOG_COMPILER_APPICON_NAME = AppIcon;
				CODE_SIGN_STYLE = Automatic;
				DEVELOPMENT_TEAM = 9FS8JZB4X6;
				INFOPLIST_FILE = StrokeOrder/Info.plist;
				LD_RUNPATH_SEARCH_PATHS = "$(inherited) @executable_path/Frameworks";
				PRODUCT_BUNDLE_IDENTIFIER = com.ahtelit.StrokeOrder;
				PRODUCT_NAME = "$(TARGET_NAME)";
				SWIFT_VERSION = 4.0;
				TARGETED_DEVICE_FAMILY = "1,2";
			};
			name = Release;
		};
/* End XCBuildConfiguration section */

/* Begin XCConfigurationList section */
		BA67817F1FD67A2300193EFD /* Build configuration list for PBXProject "StrokeOrder" */ = {
			isa = XCConfigurationList;
			buildConfigurations = (
				BA6781941FD67A2300193EFD /* Debug */,
				BA6781951FD67A2300193EFD /* Release */,
			);
			defaultConfigurationIsVisible = 0;
			defaultConfigurationName = Release;
		};
		BA6781961FD67A2300193EFD /* Build configuration list for PBXNativeTarget "StrokeOrder" */ = {
			isa = XCConfigurationList;
			buildConfigurations = (
				BA6781971FD67A2300193EFD /* Debug */,
				BA6781981FD67A2300193EFD /* Release */,
			);
			defaultConfigurationIsVisible = 0;
			defaultConfigurationName = Release;
		};
/* End XCConfigurationList section */
	};
	rootObject = BA67817C1FD67A2300193EFD /* Project object */;
}
